<?xml version="1.0" encoding="utf-8"?>
<Project ToolsVersion="4.0" xmlns="http://schemas.microsoft.com/developer/msbuild/2003">
  <ItemGroup>
    <Filter Include="Source Files">
      <UniqueIdentifier>{4FC737F1-C7A5-4376-A066-2A32D752A2FF}</UniqueIdentifier>
      <Extensions>cpp;c;cc;cxx;def;odl;idl;hpj;bat;asm;asmx</Extensions>
    </Filter>
    <Filter Include="Header Files">
      <UniqueIdentifier>{93995380-89BD-4b04-88EB-625FBE52EBFB}</UniqueIdentifier>
      <Extensions>h;hh;hpp;hxx;hm;inl;inc;ipp;xsd</Extensions>
    </Filter>
    <Filter Include="Resource Files">
      <UniqueIdentifier>{67DA6AB6-F800-4c08-8B7A-83BB121AAD01}</UniqueIdentifier>
      <Extensions>rc;ico;cur;bmp;dlg;rc2;rct;bin;rgs;gif;jpg;jpeg;jpe;resx;tiff;tif;png;wav;mfcribbon-ms</Extensions>
    </Filter>
  </ItemGroup>
  <ItemGroup>
    <ClCompile Include="Mainform.cpp">
      <Filter>Source Files</Filter>
    </ClCompile>
    <ClCompile Include="Supervisor_login.cpp">
      <Filter>Source Files</Filter>
    </ClCompile>
    <ClCompile Include="Student_login.cpp">
      <Filter>Source Files</Filter>
    </ClCompile>
    <ClCompile Include="StudentDashboard.cpp">
      <Filter>Source Files</Filter>
    </ClCompile>
    <ClCompile Include="StudentRegister.cpp">
      <Filter>Source Files</Filter>
    </ClCompile>
    <ClCompile Include="SupervisorRegister.cpp">
      <Filter>Source Files</Filter>
    </ClCompile>
    <ClCompile Include="SupervisorsDashboard.cpp">
      <Filter>Source Files</Filter>
    </ClCompile>
    <ClCompile Include="logBookWriter.cpp">
      <Filter>Source Files</Filter>
    </ClCompile>
    <ClCompile Include="createLogBookDialog.cpp">
      <Filter>Source Files</Filter>
    </ClCompile>
    <ClCompile Include="AboutLogbook.cpp">
      <Filter>Source Files</Filter>
    </ClCompile>
    <ClCompile Include="MyForm.cpp">
      <Filter>Source Files</Filter>
    </ClCompile>
    <ClCompile Include="SupervisorClasses.cpp">
      <Filter>Source Files</Filter>
    </ClCompile>
    <ClCompile Include="SendFeedBack.cpp">
      <Filter>Source Files</Filter>
    </ClCompile>
  </ItemGroup>
  <ItemGroup>
    <ClInclude Include="Mainform.h">
      <Filter>Header Files</Filter>
    </ClInclude>
    <ClInclude Include="Supervisor_login.h">
      <Filter>Header Files</Filter>
    </ClInclude>
    <ClInclude Include="Student_login.h">
      <Filter>Header Files</Filter>
    </ClInclude>
    <ClInclude Include="StudentDashboard.h">
      <Filter>Header Files</Filter>
    </ClInclude>
    <ClInclude Include="ToDo.h">
      <Filter>Header Files</Filter>
    </ClInclude>
    <ClInclude Include="StudentRegister.h">
      <Filter>Header Files</Filter>
    </ClInclude>
    <ClInclude Include="SupervisorRegister.h">
      <Filter>Header Files</Filter>
    </ClInclude>
    <ClInclude Include="SupervisorsDashboard.h">
      <Filter>Header Files</Filter>
    </ClInclude>
    <ClInclude Include="Header.h">
      <Filter>Header Files</Filter>
    </ClInclude>
    <ClInclude Include="logBookWriter.h">
      <Filter>Header Files</Filter>
    </ClInclude>
    <ClInclude Include="createLogBookDialog.h">
      <Filter>Header Files</Filter>
    </ClInclude>
    <ClInclude Include="AboutLogbook.h">
      <Filter>Header Files</Filter>
    </ClInclude>
    <ClInclude Include="SupervisorClasses.h">
      <Filter>Header Files</Filter>
    </ClInclude>
    <ClInclude Include="StudentsInfor.h">
      <Filter>Header Files</Filter>
    </ClInclude>
    <ClInclude Include="SendFeedBack.h">
      <Filter>Header Files</Filter>
    </ClInclude>
  </ItemGroup>
</Project>